
Microsoft Visual Studio Solution File, Format Version 12.00
# Visual Studio Version 16
VisualStudioVersion = 16.0.30114.105
MinimumVisualStudioVersion = 10.0.40219.1
Project("{FAE04EC0-301F-11D3-BF4B-00C04F79EFBC}") = "QuinntyneBrown.MultiPartRequestAndStreamHelpers", "QuinntyneBrown.MultiPartRequestAndStreamHelpers\QuinntyneBrown.MultiPartRequestAndStreamHelpers.csproj", "{8139FBB1-AE79-45C7-8B5D-4E18825154D5}"
EndProject
Project("{FAE04EC0-301F-11D3-BF4B-00C04F79EFBC}") = "QuinntyneBrown.MultiPartRequestAndStreamHelpers.UnitTests", "QuinntyneBrown.MultiPartRequestAndStreamHelpers.UnitTests\QuinntyneBrown.MultiPartRequestAndStreamHelpers.UnitTests.csproj", "{EFD53575-4418-4F3F-988F-CF7B34011522}"
EndProject
Project("{2150E333-8FDC-42A3-9474-1A3956D46DE8}") = "Solution Items", "Solution Items", "{0D44DB76-828F-4BEC-A396-0653B10EC5D2}"
	ProjectSection(SolutionItems) = preProject
		README.md = README.md
	EndProjectSection
EndProject
Global
	GlobalSection(SolutionConfigurationPlatforms) = preSolution
		Debug|Any CPU = Debug|Any CPU
		Release|Any CPU = Release|Any CPU
	EndGlobalSection
	GlobalSection(SolutionProperties) = preSolution
		HideSolutionNode = FALSE
	EndGlobalSection
	GlobalSection(ProjectConfigurationPlatforms) = postSolution
		{8139FBB1-AE79-45C7-8B5D-4E18825154D5}.Debug|Any CPU.ActiveCfg = Debug|Any CPU
		{8139FBB1-AE79-45C7-8B5D-4E18825154D5}.Debug|Any CPU.Build.0 = Debug|Any CPU
		{8139FBB1-AE79-45C7-8B5D-4E18825154D5}.Release|Any CPU.ActiveCfg = Release|Any CPU
		{8139FBB1-AE79-45C7-8B5D-4E18825154D5}.Release|Any CPU.Build.0 = Release|Any CPU
		{EFD53575-4418-4F3F-988F-CF7B34011522}.Debug|Any CPU.ActiveCfg = Debug|Any CPU
		{EFD53575-4418-4F3F-988F-CF7B34011522}.Debug|Any CPU.Build.0 = Debug|Any CPU
		{EFD53575-4418-4F3F-988F-CF7B34011522}.Release|Any CPU.ActiveCfg = Release|Any CPU
		{EFD53575-4418-4F3F-988F-CF7B34011522}.Release|Any CPU.Build.0 = Release|Any CPU
	EndGlobalSection
EndGlobal
